
Microsoft Visual Studio Solution File, Format Version 12.00
# Visual Studio Version 16
VisualStudioVersion = 16.0.30011.22
MinimumVisualStudioVersion = 10.0.40219.1
Project("{FAE04EC0-301F-11D3-BF4B-00C04F79EFBC}") = "Sistem_de_inventario", "Sistem_de_inventario.csproj", "{95DF6ECA-5614-4BC4-A502-189BAACED413}"
EndProject
Global
	GlobalSection(SolutionConfigurationPlatforms) = preSolution
		Debug|Any CPU = Debug|Any CPU
		Release|Any CPU = Release|Any CPU
	EndGlobalSection
	GlobalSection(ProjectConfigurationPlatforms) = postSolution
		{95DF6ECA-5614-4BC4-A502-189BAACED413}.Debug|Any CPU.ActiveCfg = Debug|Any CPU
		{95DF6ECA-5614-4BC4-A502-189BAACED413}.Debug|Any CPU.Build.0 = Debug|Any CPU
		{95DF6ECA-5614-4BC4-A502-189BAACED413}.Release|Any CPU.ActiveCfg = Release|Any CPU
		{95DF6ECA-5614-4BC4-A502-189BAACED413}.Release|Any CPU.Build.0 = Release|Any CPU
	EndGlobalSection
	GlobalSection(SolutionProperties) = preSolution
		HideSolutionNode = FALSE
	EndGlobalSection
	GlobalSection(ExtensibilityGlobals) = postSolution
		SolutionGuid = {4F509476-25AB-4175-A4D5-EF2D3AEC67FB}
	EndGlobalSection
EndGlobal
